// !$*UTF8*$!
{
	archiveVersion = 1;
	classes = {
	};
	objectVersion = 46;
	objects = {

/* Begin PBXBuildFile section */
		13B3BFD6000F0714FDDDBBC7 /* Pods_rChat.framework in Frameworks */ = {isa = PBXBuildFile; fileRef = EF1C869480FE1002D6326929 /* Pods_rChat.framework */; };
		5451FDB564939AB4C363764B /* Pods_rChatUITests.framework in Frameworks */ = {isa = PBXBuildFile; fileRef = AD4C83111D1ECD9019BDFDFF /* Pods_rChatUITests.framework */; };
		5B5CC0B61CF4A7800060324F /* CreateAccountViewController.swift in Sources */ = {isa = PBXBuildFile; fileRef = 5B5CC0B51CF4A7800060324F /* CreateAccountViewController.swift */; };
		5B8907551CF4C2DE00D0D79D /* ChatViewController.swift in Sources */ = {isa = PBXBuildFile; fileRef = 5B8907541CF4C2DE00D0D79D /* ChatViewController.swift */; };
		5B8917071CF661450052EE81 /* GoogleService-Info.plist in Resources */ = {isa = PBXBuildFile; fileRef = 5B8917061CF661450052EE81 /* GoogleService-Info.plist */; };
		5BC7AA691CF4A5E80026F79D /* AppDelegate.swift in Sources */ = {isa = PBXBuildFile; fileRef = 5BC7AA681CF4A5E80026F79D /* AppDelegate.swift */; };
		5BC7AA6B1CF4A5E80026F79D /* ViewController.swift in Sources */ = {isa = PBXBuildFile; fileRef = 5BC7AA6A1CF4A5E80026F79D /* ViewController.swift */; };
		5BC7AA6E1CF4A5E80026F79D /* Main.storyboard in Resources */ = {isa = PBXBuildFile; fileRef = 5BC7AA6C1CF4A5E80026F79D /* Main.storyboard */; };
		5BC7AA701CF4A5E80026F79D /* Assets.xcassets in Resources */ = {isa = PBXBuildFile; fileRef = 5BC7AA6F1CF4A5E80026F79D /* Assets.xcassets */; };
		5BC7AA731CF4A5E80026F79D /* LaunchScreen.storyboard in Resources */ = {isa = PBXBuildFile; fileRef = 5BC7AA711CF4A5E80026F79D /* LaunchScreen.storyboard */; };
		5BC7AA7E1CF4A5E80026F79D /* rChatTests.swift in Sources */ = {isa = PBXBuildFile; fileRef = 5BC7AA7D1CF4A5E80026F79D /* rChatTests.swift */; };
		5BC7AA891CF4A5E80026F79D /* rChatUITests.swift in Sources */ = {isa = PBXBuildFile; fileRef = 5BC7AA881CF4A5E80026F79D /* rChatUITests.swift */; };
		5BCA23471CF6762E007EA114 /* CaviarDreams.ttf in Resources */ = {isa = PBXBuildFile; fileRef = 5BCA23461CF6762E007EA114 /* CaviarDreams.ttf */; };
		5BCA23491CF6796C007EA114 /* PuchBlank.png in Resources */ = {isa = PBXBuildFile; fileRef = 5BCA23481CF6796C007EA114 /* PuchBlank.png */; };
		D97A5239B9846286A8DC0774 /* Pods_rChatTests.framework in Frameworks */ = {isa = PBXBuildFile; fileRef = C7FD46848AD70085DA2873B2 /* Pods_rChatTests.framework */; };
/* End PBXBuildFile section */

/* Begin PBXContainerItemProxy section */
		5BC7AA7A1CF4A5E80026F79D /* PBXContainerItemProxy */ = {
			isa = PBXContainerItemProxy;
			containerPortal = 5BC7AA5D1CF4A5E80026F79D /* Project object */;
			proxyType = 1;
			remoteGlobalIDString = 5BC7AA641CF4A5E80026F79D;
			remoteInfo = rChat;
		};
		5BC7AA851CF4A5E80026F79D /* PBXContainerItemProxy */ = {
			isa = PBXContainerItemProxy;
			containerPortal = 5BC7AA5D1CF4A5E80026F79D /* Project object */;
			proxyType = 1;
			remoteGlobalIDString = 5BC7AA641CF4A5E80026F79D;
			remoteInfo = rChat;
		};
/* End PBXContainerItemProxy section */

/* Begin PBXFileReference section */
		3B916910D8541E195D795BA7 /* Pods-rChatUITests.release.xcconfig */ = {isa = PBXFileReference; includeInIndex = 1; lastKnownFileType = text.xcconfig; name = "Pods-rChatUITests.release.xcconfig"; path = "Pods/Target Support Files/Pods-rChatUITests/Pods-rChatUITests.release.xcconfig"; sourceTree = "<group>"; };
		4EBA70719A2F577EDC30BC50 /* Pods-rChatTests.release.xcconfig */ = {isa = PBXFileReference; includeInIndex = 1; lastKnownFileType = text.xcconfig; name = "Pods-rChatTests.release.xcconfig"; path = "Pods/Target Support Files/Pods-rChatTests/Pods-rChatTests.release.xcconfig"; sourceTree = "<group>"; };
		5B5CC0B51CF4A7800060324F /* CreateAccountViewController.swift */ = {isa = PBXFileReference; fileEncoding = 4; lastKnownFileType = sourcecode.swift; path = CreateAccountViewController.swift; sourceTree = "<group>"; };
		5B8907541CF4C2DE00D0D79D /* ChatViewController.swift */ = {isa = PBXFileReference; fileEncoding = 4; lastKnownFileType = sourcecode.swift; path = ChatViewController.swift; sourceTree = "<group>"; };
		5B8917061CF661450052EE81 /* GoogleService-Info.plist */ = {isa = PBXFileReference; fileEncoding = 4; lastKnownFileType = text.plist.xml; path = "GoogleService-Info.plist"; sourceTree = "<group>"; };
		5BC7AA651CF4A5E80026F79D /* Puch.app */ = {isa = PBXFileReference; explicitFileType = wrapper.application; includeInIndex = 0; path = Puch.app; sourceTree = BUILT_PRODUCTS_DIR; };
		5BC7AA681CF4A5E80026F79D /* AppDelegate.swift */ = {isa = PBXFileReference; lastKnownFileType = sourcecode.swift; path = AppDelegate.swift; sourceTree = "<group>"; };
		5BC7AA6A1CF4A5E80026F79D /* ViewController.swift */ = {isa = PBXFileReference; lastKnownFileType = sourcecode.swift; path = ViewController.swift; sourceTree = "<group>"; };
		5BC7AA6D1CF4A5E80026F79D /* Base */ = {isa = PBXFileReference; lastKnownFileType = file.storyboard; name = Base; path = Base.lproj/Main.storyboard; sourceTree = "<group>"; };
		5BC7AA6F1CF4A5E80026F79D /* Assets.xcassets */ = {isa = PBXFileReference; lastKnownFileType = folder.assetcatalog; path = Assets.xcassets; sourceTree = "<group>"; };
		5BC7AA721CF4A5E80026F79D /* Base */ = {isa = PBXFileReference; lastKnownFileType = file.storyboard; name = Base; path = Base.lproj/LaunchScreen.storyboard; sourceTree = "<group>"; };
		5BC7AA741CF4A5E80026F79D /* Info.plist */ = {isa = PBXFileReference; lastKnownFileType = text.plist.xml; path = Info.plist; sourceTree = "<group>"; };
		5BC7AA791CF4A5E80026F79D /* Puch.xctest */ = {isa = PBXFileReference; explicitFileType = wrapper.cfbundle; includeInIndex = 0; path = Puch.xctest; sourceTree = BUILT_PRODUCTS_DIR; };
		5BC7AA7D1CF4A5E80026F79D /* rChatTests.swift */ = {isa = PBXFileReference; lastKnownFileType = sourcecode.swift; path = rChatTests.swift; sourceTree = "<group>"; };
		5BC7AA7F1CF4A5E80026F79D /* Info.plist */ = {isa = PBXFileReference; lastKnownFileType = text.plist.xml; path = Info.plist; sourceTree = "<group>"; };
		5BC7AA841CF4A5E80026F79D /* Puch.xctest */ = {isa = PBXFileReference; explicitFileType = wrapper.cfbundle; includeInIndex = 0; path = Puch.xctest; sourceTree = BUILT_PRODUCTS_DIR; };
		5BC7AA881CF4A5E80026F79D /* rChatUITests.swift */ = {isa = PBXFileReference; lastKnownFileType = sourcecode.swift; path = rChatUITests.swift; sourceTree = "<group>"; };
		5BC7AA8A1CF4A5E80026F79D /* Info.plist */ = {isa = PBXFileReference; lastKnownFileType = text.plist.xml; path = Info.plist; sourceTree = "<group>"; };
		5BCA23461CF6762E007EA114 /* CaviarDreams.ttf */ = {isa = PBXFileReference; lastKnownFileType = file; path = CaviarDreams.ttf; sourceTree = "<group>"; };
		5BCA23481CF6796C007EA114 /* PuchBlank.png */ = {isa = PBXFileReference; lastKnownFileType = image.png; path = PuchBlank.png; sourceTree = "<group>"; };
		A0CF43FA7DB5781BC816AE5B /* Pods-rChat.debug.xcconfig */ = {isa = PBXFileReference; includeInIndex = 1; lastKnownFileType = text.xcconfig; name = "Pods-rChat.debug.xcconfig"; path = "Pods/Target Support Files/Pods-rChat/Pods-rChat.debug.xcconfig"; sourceTree = "<group>"; };
		AD4C83111D1ECD9019BDFDFF /* Pods_rChatUITests.framework */ = {isa = PBXFileReference; explicitFileType = wrapper.framework; includeInIndex = 0; path = Pods_rChatUITests.framework; sourceTree = BUILT_PRODUCTS_DIR; };
		C5BE33CCF3EBD84829DF3CB5 /* Pods-rChat.release.xcconfig */ = {isa = PBXFileReference; includeInIndex = 1; lastKnownFileType = text.xcconfig; name = "Pods-rChat.release.xcconfig"; path = "Pods/Target Support Files/Pods-rChat/Pods-rChat.release.xcconfig"; sourceTree = "<group>"; };
		C755B643AE29F5450BB387BE /* Pods-rChatUITests.debug.xcconfig */ = {isa = PBXFileReference; includeInIndex = 1; lastKnownFileType = text.xcconfig; name = "Pods-rChatUITests.debug.xcconfig"; path = "Pods/Target Support Files/Pods-rChatUITests/Pods-rChatUITests.debug.xcconfig"; sourceTree = "<group>"; };
		C7FD46848AD70085DA2873B2 /* Pods_rChatTests.framework */ = {isa = PBXFileReference; explicitFileType = wrapper.framework; includeInIndex = 0; path = Pods_rChatTests.framework; sourceTree = BUILT_PRODUCTS_DIR; };
		DD85D2109C421E81248A6F6D /* Pods-rChatTests.debug.xcconfig */ = {isa = PBXFileReference; includeInIndex = 1; lastKnownFileType = text.xcconfig; name = "Pods-rChatTests.debug.xcconfig"; path = "Pods/Target Support Files/Pods-rChatTests/Pods-rChatTests.debug.xcconfig"; sourceTree = "<group>"; };
		EF1C869480FE1002D6326929 /* Pods_rChat.framework */ = {isa = PBXFileReference; explicitFileType = wrapper.framework; includeInIndex = 0; path = Pods_rChat.framework; sourceTree = BUILT_PRODUCTS_DIR; };
/* End PBXFileReference section */

/* Begin PBXFrameworksBuildPhase section */
		5BC7AA621CF4A5E80026F79D /* Frameworks */ = {
			isa = PBXFrameworksBuildPhase;
			buildActionMask = 2147483647;
			files = (
				13B3BFD6000F0714FDDDBBC7 /* Pods_rChat.framework in Frameworks */,
			);
			runOnlyForDeploymentPostprocessing = 0;
		};
		5BC7AA761CF4A5E80026F79D /* Frameworks */ = {
			isa = PBXFrameworksBuildPhase;
			buildActionMask = 2147483647;
			files = (
				D97A5239B9846286A8DC0774 /* Pods_rChatTests.framework in Frameworks */,
			);
			runOnlyForDeploymentPostprocessing = 0;
		};
		5BC7AA811CF4A5E80026F79D /* Frameworks */ = {
			isa = PBXFrameworksBuildPhase;
			buildActionMask = 2147483647;
			files = (
				5451FDB564939AB4C363764B /* Pods_rChatUITests.framework in Frameworks */,
			);
			runOnlyForDeploymentPostprocessing = 0;
		};
/* End PBXFrameworksBuildPhase section */

/* Begin PBXGroup section */
		5BC7AA5C1CF4A5E80026F79D = {
			isa = PBXGroup;
			children = (
				5BC7AA671CF4A5E80026F79D /* Puch */,
				5BC7AA7C1CF4A5E80026F79D /* PuchTests */,
				5BC7AA871CF4A5E80026F79D /* PuchUITests */,
				5BC7AA661CF4A5E80026F79D /* Products */,
				FF58FCF4ACFF06F93575803B /* Pods */,
				B5B976DA7959135EBAB7911B /* Frameworks */,
			);
			sourceTree = "<group>";
		};
		5BC7AA661CF4A5E80026F79D /* Products */ = {
			isa = PBXGroup;
			children = (
				5BC7AA651CF4A5E80026F79D /* Puch.app */,
				5BC7AA791CF4A5E80026F79D /* Puch.xctest */,
				5BC7AA841CF4A5E80026F79D /* Puch.xctest */,
			);
			name = Products;
			sourceTree = "<group>";
		};
		5BC7AA671CF4A5E80026F79D /* Puch */ = {
			isa = PBXGroup;
			children = (
				5BCA23481CF6796C007EA114 /* PuchBlank.png */,
				5BC7AA681CF4A5E80026F79D /* AppDelegate.swift */,
				5BC7AA6A1CF4A5E80026F79D /* ViewController.swift */,
				5B5CC0B51CF4A7800060324F /* CreateAccountViewController.swift */,
				5B8907541CF4C2DE00D0D79D /* ChatViewController.swift */,
				5BC7AA6C1CF4A5E80026F79D /* Main.storyboard */,
				5BCA23461CF6762E007EA114 /* CaviarDreams.ttf */,
				5BC7AA6F1CF4A5E80026F79D /* Assets.xcassets */,
				5BC7AA711CF4A5E80026F79D /* LaunchScreen.storyboard */,
				5BC7AA741CF4A5E80026F79D /* Info.plist */,
				5B8917061CF661450052EE81 /* GoogleService-Info.plist */,
			);
			name = Puch;
			path = rChat;
			sourceTree = "<group>";
		};
		5BC7AA7C1CF4A5E80026F79D /* PuchTests */ = {
			isa = PBXGroup;
			children = (
				5BC7AA7D1CF4A5E80026F79D /* rChatTests.swift */,
				5BC7AA7F1CF4A5E80026F79D /* Info.plist */,
			);
			name = PuchTests;
			path = rChatTests;
			sourceTree = "<group>";
		};
		5BC7AA871CF4A5E80026F79D /* PuchUITests */ = {
			isa = PBXGroup;
			children = (
				5BC7AA881CF4A5E80026F79D /* rChatUITests.swift */,
				5BC7AA8A1CF4A5E80026F79D /* Info.plist */,
			);
			name = PuchUITests;
			path = rChatUITests;
			sourceTree = "<group>";
		};
		B5B976DA7959135EBAB7911B /* Frameworks */ = {
			isa = PBXGroup;
			children = (
				EF1C869480FE1002D6326929 /* Pods_rChat.framework */,
				C7FD46848AD70085DA2873B2 /* Pods_rChatTests.framework */,
				AD4C83111D1ECD9019BDFDFF /* Pods_rChatUITests.framework */,
			);
			name = Frameworks;
			sourceTree = "<group>";
		};
		FF58FCF4ACFF06F93575803B /* Pods */ = {
			isa = PBXGroup;
			children = (
				A0CF43FA7DB5781BC816AE5B /* Pods-rChat.debug.xcconfig */,
				C5BE33CCF3EBD84829DF3CB5 /* Pods-rChat.release.xcconfig */,
				DD85D2109C421E81248A6F6D /* Pods-rChatTests.debug.xcconfig */,
				4EBA70719A2F577EDC30BC50 /* Pods-rChatTests.release.xcconfig */,
				C755B643AE29F5450BB387BE /* Pods-rChatUITests.debug.xcconfig */,
				3B916910D8541E195D795BA7 /* Pods-rChatUITests.release.xcconfig */,
			);
			name = Pods;
			sourceTree = "<group>";
		};
/* End PBXGroup section */

/* Begin PBXNativeTarget section */
		5BC7AA641CF4A5E80026F79D /* Puch */ = {
			isa = PBXNativeTarget;
			buildConfigurationList = 5BC7AA8D1CF4A5E80026F79D /* Build configuration list for PBXNativeTarget "Puch" */;
			buildPhases = (
				26FAD96F8771A52B1BC3DC9C /* 📦 Check Pods Manifest.lock */,
				5BC7AA611CF4A5E80026F79D /* Sources */,
				5BC7AA621CF4A5E80026F79D /* Frameworks */,
				5BC7AA631CF4A5E80026F79D /* Resources */,
				C708204E95F8BE32D8644C07 /* 📦 Embed Pods Frameworks */,
				E81C806CE7C509A672170D53 /* 📦 Copy Pods Resources */,
			);
			buildRules = (
			);
			dependencies = (
			);
			name = Puch;
			productName = rChat;
			productReference = 5BC7AA651CF4A5E80026F79D /* Puch.app */;
			productType = "com.apple.product-type.application";
		};
		5BC7AA781CF4A5E80026F79D /* PuchTests */ = {
			isa = PBXNativeTarget;
			buildConfigurationList = 5BC7AA901CF4A5E80026F79D /* Build configuration list for PBXNativeTarget "PuchTests" */;
			buildPhases = (
				A6D9DF27DF05FD10D4CE2232 /* 📦 Check Pods Manifest.lock */,
				5BC7AA751CF4A5E80026F79D /* Sources */,
				5BC7AA761CF4A5E80026F79D /* Frameworks */,
				5BC7AA771CF4A5E80026F79D /* Resources */,
				F7A8B09A7A548C71AE10C1CC /* 📦 Embed Pods Frameworks */,
				EBE9E310A1BFDEA253B633BB /* 📦 Copy Pods Resources */,
			);
			buildRules = (
			);
			dependencies = (
				5BC7AA7B1CF4A5E80026F79D /* PBXTargetDependency */,
			);
			name = PuchTests;
			productName = rChatTests;
			productReference = 5BC7AA791CF4A5E80026F79D /* Puch.xctest */;
			productType = "com.apple.product-type.bundle.unit-test";
		};
		5BC7AA831CF4A5E80026F79D /* PuchUITests */ = {
			isa = PBXNativeTarget;
			buildConfigurationList = 5BC7AA931CF4A5E80026F79D /* Build configuration list for PBXNativeTarget "PuchUITests" */;
			buildPhases = (
				491F55C47762783B776FE537 /* 📦 Check Pods Manifest.lock */,
				5BC7AA801CF4A5E80026F79D /* Sources */,
				5BC7AA811CF4A5E80026F79D /* Frameworks */,
				5BC7AA821CF4A5E80026F79D /* Resources */,
				504F8DFE526486DAE2A6BEA0 /* 📦 Copy Pods Resources */,
			);
			buildRules = (
			);
			dependencies = (
				5BC7AA861CF4A5E80026F79D /* PBXTargetDependency */,
			);
			name = PuchUITests;
			productName = rChatUITests;
			productReference = 5BC7AA841CF4A5E80026F79D /* Puch.xctest */;
			productType = "com.apple.product-type.bundle.ui-testing";
		};
/* End PBXNativeTarget section */

/* Begin PBXProject section */
		5BC7AA5D1CF4A5E80026F79D /* Project object */ = {
			isa = PBXProject;
			attributes = {
				LastSwiftUpdateCheck = 0730;
				LastUpgradeCheck = 0730;
				ORGANIZATIONNAME = "Martin Chuang";
				TargetAttributes = {
					5BC7AA641CF4A5E80026F79D = {
						CreatedOnToolsVersion = 7.3.1;
						DevelopmentTeam = XWEZ6Y7DA9;
					};
					5BC7AA781CF4A5E80026F79D = {
						CreatedOnToolsVersion = 7.3.1;
						TestTargetID = 5BC7AA641CF4A5E80026F79D;
					};
					5BC7AA831CF4A5E80026F79D = {
						CreatedOnToolsVersion = 7.3.1;
						TestTargetID = 5BC7AA641CF4A5E80026F79D;
					};
				};
			};
			buildConfigurationList = 5BC7AA601CF4A5E80026F79D /* Build configuration list for PBXProject "Puch" */;
			compatibilityVersion = "Xcode 3.2";
			developmentRegion = English;
			hasScannedForEncodings = 0;
			knownRegions = (
				en,
				Base,
			);
			mainGroup = 5BC7AA5C1CF4A5E80026F79D;
			productRefGroup = 5BC7AA661CF4A5E80026F79D /* Products */;
			projectDirPath = "";
			projectRoot = "";
			targets = (
				5BC7AA641CF4A5E80026F79D /* Puch */,
				5BC7AA781CF4A5E80026F79D /* PuchTests */,
				5BC7AA831CF4A5E80026F79D /* PuchUITests */,
			);
		};
/* End PBXProject section */

/* Begin PBXResourcesBuildPhase section */
		5BC7AA631CF4A5E80026F79D /* Resources */ = {
			isa = PBXResourcesBuildPhase;
			buildActionMask = 2147483647;
			files = (
				5BCA23491CF6796C007EA114 /* PuchBlank.png in Resources */,
				5BC7AA731CF4A5E80026F79D /* LaunchScreen.storyboard in Resources */,
				5B8917071CF661450052EE81 /* GoogleService-Info.plist in Resources */,
				5BC7AA701CF4A5E80026F79D /* Assets.xcassets in Resources */,
				5BCA23471CF6762E007EA114 /* CaviarDreams.ttf in Resources */,
				5BC7AA6E1CF4A5E80026F79D /* Main.storyboard in Resources */,
			);
			runOnlyForDeploymentPostprocessing = 0;
		};
		5BC7AA771CF4A5E80026F79D /* Resources */ = {
			isa = PBXResourcesBuildPhase;
			buildActionMask = 2147483647;
			files = (
			);
			runOnlyForDeploymentPostprocessing = 0;
		};
		5BC7AA821CF4A5E80026F79D /* Resources */ = {
			isa = PBXResourcesBuildPhase;
			buildActionMask = 2147483647;
			files = (
			);
			runOnlyForDeploymentPostprocessing = 0;
		};
/* End PBXResourcesBuildPhase section */

/* Begin PBXShellScriptBuildPhase section */
		26FAD96F8771A52B1BC3DC9C /* 📦 Check Pods Manifest.lock */ = {
			isa = PBXShellScriptBuildPhase;
			buildActionMask = 2147483647;
			files = (
			);
			inputPaths = (
			);
			name = "📦 Check Pods Manifest.lock";
			outputPaths = (
			);
			runOnlyForDeploymentPostprocessing = 0;
			shellPath = /bin/sh;
			shellScript = "diff \"${PODS_ROOT}/../Podfile.lock\" \"${PODS_ROOT}/Manifest.lock\" > /dev/null\nif [[ $? != 0 ]] ; then\n    cat << EOM\nerror: The sandbox is not in sync with the Podfile.lock. Run 'pod install' or update your CocoaPods installation.\nEOM\n    exit 1\nfi\n";
			showEnvVarsInLog = 0;
		};
		491F55C47762783B776FE537 /* 📦 Check Pods Manifest.lock */ = {
			isa = PBXShellScriptBuildPhase;
			buildActionMask = 2147483647;
			files = (
			);
			inputPaths = (
			);
			name = "📦 Check Pods Manifest.lock";
			outputPaths = (
			);
			runOnlyForDeploymentPostprocessing = 0;
			shellPath = /bin/sh;
			shellScript = "diff \"${PODS_ROOT}/../Podfile.lock\" \"${PODS_ROOT}/Manifest.lock\" > /dev/null\nif [[ $? != 0 ]] ; then\n    cat << EOM\nerror: The sandbox is not in sync with the Podfile.lock. Run 'pod install' or update your CocoaPods installation.\nEOM\n    exit 1\nfi\n";
			showEnvVarsInLog = 0;
		};
		504F8DFE526486DAE2A6BEA0 /* 📦 Copy Pods Resources */ = {
			isa = PBXShellScriptBuildPhase;
			buildActionMask = 2147483647;
			files = (
			);
			inputPaths = (
			);
			name = "📦 Copy Pods Resources";
			outputPaths = (
			);
			runOnlyForDeploymentPostprocessing = 0;
			shellPath = /bin/sh;
			shellScript = "\"${SRCROOT}/Pods/Target Support Files/Pods-rChatUITests/Pods-rChatUITests-resources.sh\"\n";
			showEnvVarsInLog = 0;
		};
		A6D9DF27DF05FD10D4CE2232 /* 📦 Check Pods Manifest.lock */ = {
			isa = PBXShellScriptBuildPhase;
			buildActionMask = 2147483647;
			files = (
			);
			inputPaths = (
			);
			name = "📦 Check Pods Manifest.lock";
			outputPaths = (
			);
			runOnlyForDeploymentPostprocessing = 0;
			shellPath = /bin/sh;
			shellScript = "diff \"${PODS_ROOT}/../Podfile.lock\" \"${PODS_ROOT}/Manifest.lock\" > /dev/null\nif [[ $? != 0 ]] ; then\n    cat << EOM\nerror: The sandbox is not in sync with the Podfile.lock. Run 'pod install' or update your CocoaPods installation.\nEOM\n    exit 1\nfi\n";
			showEnvVarsInLog = 0;
		};
		C708204E95F8BE32D8644C07 /* 📦 Embed Pods Frameworks */ = {
			isa = PBXShellScriptBuildPhase;
			buildActionMask = 2147483647;
			files = (
			);
			inputPaths = (
			);
			name = "📦 Embed Pods Frameworks";
			outputPaths = (
			);
			runOnlyForDeploymentPostprocessing = 0;
			shellPath = /bin/sh;
			shellScript = "\"${SRCROOT}/Pods/Target Support Files/Pods-rChat/Pods-rChat-frameworks.sh\"\n";
			showEnvVarsInLog = 0;
		};
		E81C806CE7C509A672170D53 /* 📦 Copy Pods Resources */ = {
			isa = PBXShellScriptBuildPhase;
			buildActionMask = 2147483647;
			files = (
			);
			inputPaths = (
			);
			name = "📦 Copy Pods Resources";
			outputPaths = (
			);
			runOnlyForDeploymentPostprocessing = 0;
			shellPath = /bin/sh;
			shellScript = "\"${SRCROOT}/Pods/Target Support Files/Pods-rChat/Pods-rChat-resources.sh\"\n";
			showEnvVarsInLog = 0;
		};
		EBE9E310A1BFDEA253B633BB /* 📦 Copy Pods Resources */ = {
			isa = PBXShellScriptBuildPhase;
			buildActionMask = 2147483647;
			files = (
			);
			inputPaths = (
			);
			name = "📦 Copy Pods Resources";
			outputPaths = (
			);
			runOnlyForDeploymentPostprocessing = 0;
			shellPath = /bin/sh;
			shellScript = "\"${SRCROOT}/Pods/Target Support Files/Pods-rChatTests/Pods-rChatTests-resources.sh\"\n";
			showEnvVarsInLog = 0;
		};
		F7A8B09A7A548C71AE10C1CC /* 📦 Embed Pods Frameworks */ = {
			isa = PBXShellScriptBuildPhase;
			buildActionMask = 2147483647;
			files = (
			);
			inputPaths = (
			);
			name = "📦 Embed Pods Frameworks";
			outputPaths = (
			);
			runOnlyForDeploymentPostprocessing = 0;
			shellPath = /bin/sh;
			shellScript = "\"${SRCROOT}/Pods/Target Support Files/Pods-rChatTests/Pods-rChatTests-frameworks.sh\"\n";
			showEnvVarsInLog = 0;
		};
/* End PBXShellScriptBuildPhase section */

/* Begin PBXSourcesBuildPhase section */
		5BC7AA611CF4A5E80026F79D /* Sources */ = {
			isa = PBXSourcesBuildPhase;
			buildActionMask = 2147483647;
			files = (
				5B5CC0B61CF4A7800060324F /* CreateAccountViewController.swift in Sources */,
				5BC7AA6B1CF4A5E80026F79D /* ViewController.swift in Sources */,
				5B8907551CF4C2DE00D0D79D /* ChatViewController.swift in Sources */,
				5BC7AA691CF4A5E80026F79D /* AppDelegate.swift in Sources */,
			);
			runOnlyForDeploymentPostprocessing = 0;
		};
		5BC7AA751CF4A5E80026F79D /* Sources */ = {
			isa = PBXSourcesBuildPhase;
			buildActionMask = 2147483647;
			files = (
				5BC7AA7E1CF4A5E80026F79D /* rChatTests.swift in Sources */,
			);
			runOnlyForDeploymentPostprocessing = 0;
		};
		5BC7AA801CF4A5E80026F79D /* Sources */ = {
			isa = PBXSourcesBuildPhase;
			buildActionMask = 2147483647;
			files = (
				5BC7AA891CF4A5E80026F79D /* rChatUITests.swift in Sources */,
			);
			runOnlyForDeploymentPostprocessing = 0;
		};
/* End PBXSourcesBuildPhase section */

/* Begin PBXTargetDependency section */
		5BC7AA7B1CF4A5E80026F79D /* PBXTargetDependency */ = {
			isa = PBXTargetDependency;
			target = 5BC7AA641CF4A5E80026F79D /* Puch */;
			targetProxy = 5BC7AA7A1CF4A5E80026F79D /* PBXContainerItemProxy */;
		};
		5BC7AA861CF4A5E80026F79D /* PBXTargetDependency */ = {
			isa = PBXTargetDependency;
			target = 5BC7AA641CF4A5E80026F79D /* Puch */;
			targetProxy = 5BC7AA851CF4A5E80026F79D /* PBXContainerItemProxy */;
		};
/* End PBXTargetDependency section */

/* Begin PBXVariantGroup section */
		5BC7AA6C1CF4A5E80026F79D /* Main.storyboard */ = {
			isa = PBXVariantGroup;
			children = (
				5BC7AA6D1CF4A5E80026F79D /* Base */,
			);
			name = Main.storyboard;
			sourceTree = "<group>";
		};
		5BC7AA711CF4A5E80026F79D /* LaunchScreen.storyboard */ = {
			isa = PBXVariantGroup;
			children = (
				5BC7AA721CF4A5E80026F79D /* Base */,
			);
			name = LaunchScreen.storyboard;
			sourceTree = "<group>";
		};
/* End PBXVariantGroup section */

/* Begin XCBuildConfiguration section */
		5BC7AA8B1CF4A5E80026F79D /* Debug */ = {
			isa = XCBuildConfiguration;
			buildSettings = {
				ALWAYS_SEARCH_USER_PATHS = NO;
				CLANG_ANALYZER_NONNULL = YES;
				CLANG_CXX_LANGUAGE_STANDARD = "gnu++0x";
				CLANG_CXX_LIBRARY = "libc++";
				CLANG_ENABLE_MODULES = YES;
				CLANG_ENABLE_OBJC_ARC = YES;
				CLANG_WARN_BOOL_CONVERSION = YES;
				CLANG_WARN_CONSTANT_CONVERSION = YES;
				CLANG_WARN_DIRECT_OBJC_ISA_USAGE = YES_ERROR;
				CLANG_WARN_EMPTY_BODY = YES;
				CLANG_WARN_ENUM_CONVERSION = YES;
				CLANG_WARN_INT_CONVERSION = YES;
				CLANG_WARN_OBJC_ROOT_CLASS = YES_ERROR;
				CLANG_WARN_UNREACHABLE_CODE = YES;
				CLANG_WARN__DUPLICATE_METHOD_MATCH = YES;
				"CODE_SIGN_IDENTITY[sdk=iphoneos*]" = "iPhone Developer";
				COPY_PHASE_STRIP = NO;
				DEBUG_INFORMATION_FORMAT = dwarf;
				ENABLE_STRICT_OBJC_MSGSEND = YES;
				ENABLE_TESTABILITY = YES;
				GCC_C_LANGUAGE_STANDARD = gnu99;
				GCC_DYNAMIC_NO_PIC = NO;
				GCC_NO_COMMON_BLOCKS = YES;
				GCC_OPTIMIZATION_LEVEL = 0;
				GCC_PREPROCESSOR_DEFINITIONS = (
					"DEBUG=1",
					"$(inherited)",
				);
				GCC_WARN_64_TO_32_BIT_CONVERSION = YES;
				GCC_WARN_ABOUT_RETURN_TYPE = YES_ERROR;
				GCC_WARN_UNDECLARED_SELECTOR = YES;
				GCC_WARN_UNINITIALIZED_AUTOS = YES_AGGRESSIVE;
				GCC_WARN_UNUSED_FUNCTION = YES;
				GCC_WARN_UNUSED_VARIABLE = YES;
				IPHONEOS_DEPLOYMENT_TARGET = 8.0;
				MTL_ENABLE_DEBUG_INFO = YES;
				ONLY_ACTIVE_ARCH = YES;
				SDKROOT = iphoneos;
				SWIFT_OPTIMIZATION_LEVEL = "-Onone";
				TARGETED_DEVICE_FAMILY = "1,2";
			};
			name = Debug;
		};
		5BC7AA8C1CF4A5E80026F79D /* Release */ = {
			isa = XCBuildConfiguration;
			buildSettings = {
				ALWAYS_SEARCH_USER_PATHS = NO;
				CLANG_ANALYZER_NONNULL = YES;
				CLANG_CXX_LANGUAGE_STANDARD = "gnu++0x";
				CLANG_CXX_LIBRARY = "libc++";
				CLANG_ENABLE_MODULES = YES;
				CLANG_ENABLE_OBJC_ARC = YES;
				CLANG_WARN_BOOL_CONVERSION = YES;
				CLANG_WARN_CONSTANT_CONVERSION = YES;
				CLANG_WARN_DIRECT_OBJC_ISA_USAGE = YES_ERROR;
				CLANG_WARN_EMPTY_BODY = YES;
				CLANG_WARN_ENUM_CONVERSION = YES;
				CLANG_WARN_INT_CONVERSION = YES;
				CLANG_WARN_OBJC_ROOT_CLASS = YES_ERROR;
				CLANG_WARN_UNREACHABLE_CODE = YES;
				CLANG_WARN__DUPLICATE_METHOD_MATCH = YES;
				"CODE_SIGN_IDENTITY[sdk=iphoneos*]" = "iPhone Developer";
				COPY_PHASE_STRIP = NO;
				DEBUG_INFORMATION_FORMAT = "dwarf-with-dsym";
				ENABLE_NS_ASSERTIONS = NO;
				ENABLE_STRICT_OBJC_MSGSEND = YES;
				GCC_C_LANGUAGE_STANDARD = gnu99;
				GCC_NO_COMMON_BLOCKS = YES;
				GCC_WARN_64_TO_32_BIT_CONVERSION = YES;
				GCC_WARN_ABOUT_RETURN_TYPE = YES_ERROR;
				GCC_WARN_UNDECLARED_SELECTOR = YES;
				GCC_WARN_UNINITIALIZED_AUTOS = YES_AGGRESSIVE;
				GCC_WARN_UNUSED_FUNCTION = YES;
				GCC_WARN_UNUSED_VARIABLE = YES;
				IPHONEOS_DEPLOYMENT_TARGET = 8.0;
				MTL_ENABLE_DEBUG_INFO = NO;
				SDKROOT = iphoneos;
				TARGETED_DEVICE_FAMILY = "1,2";
				VALIDATE_PRODUCT = YES;
			};
			name = Release;
		};
		5BC7AA8E1CF4A5E80026F79D /* Debug */ = {
			isa = XCBuildConfiguration;
			baseConfigurationReference = A0CF43FA7DB5781BC816AE5B /* Pods-rChat.debug.xcconfig */;
			buildSettings = {
				ASSETCATALOG_COMPILER_APPICON_NAME = AppIcon;
				CODE_SIGN_IDENTITY = "iPhone Developer";
				"CODE_SIGN_IDENTITY[sdk=iphoneos*]" = "iPhone Developer";
				INFOPLIST_FILE = rChat/Info.plist;
				IPHONEOS_DEPLOYMENT_TARGET = 8.0;
				LD_RUNPATH_SEARCH_PATHS = "$(inherited) @executable_path/Frameworks";
				PRODUCT_BUNDLE_IDENTIFIER = chuang.martin.Puch;
				PRODUCT_NAME = Puch;
				PROVISIONING_PROFILE = "";
			};
			name = Debug;
		};
		5BC7AA8F1CF4A5E80026F79D /* Release */ = {
			isa = XCBuildConfiguration;
			baseConfigurationReference = C5BE33CCF3EBD84829DF3CB5 /* Pods-rChat.release.xcconfig */;
			buildSettings = {
				ASSETCATALOG_COMPILER_APPICON_NAME = AppIcon;
				CODE_SIGN_IDENTITY = "iPhone Developer";
				"CODE_SIGN_IDENTITY[sdk=iphoneos*]" = "iPhone Developer";
				INFOPLIST_FILE = rChat/Info.plist;
				IPHONEOS_DEPLOYMENT_TARGET = 8.0;
				LD_RUNPATH_SEARCH_PATHS = "$(inherited) @executable_path/Frameworks";
				PRODUCT_BUNDLE_IDENTIFIER = chuang.martin.Puch;
				PRODUCT_NAME = Puch;
				PROVISIONING_PROFILE = "";
			};
			name = Release;
		};
		5BC7AA911CF4A5E80026F79D /* Debug */ = {
			isa = XCBuildConfiguration;
			baseConfigurationReference = DD85D2109C421E81248A6F6D /* Pods-rChatTests.debug.xcconfig */;
			buildSettings = {
				BUNDLE_LOADER = "$(TEST_HOST)";
				INFOPLIST_FILE = rChatTests/Info.plist;
				LD_RUNPATH_SEARCH_PATHS = "$(inherited) @executable_path/Frameworks @loader_path/Frameworks";
				PRODUCT_BUNDLE_IDENTIFIER = chuang.martin.rChatTests;
				PRODUCT_NAME = Puch;
				TEST_HOST = "$(BUILT_PRODUCTS_DIR)/Puch.app/Puch";
			};
			name = Debug;
		};
		5BC7AA921CF4A5E80026F79D /* Release */ = {
			isa = XCBuildConfiguration;
			baseConfigurationReference = 4EBA70719A2F577EDC30BC50 /* Pods-rChatTests.release.xcconfig */;
			buildSettings = {
				BUNDLE_LOADER = "$(TEST_HOST)";
				INFOPLIST_FILE = rChatTests/Info.plist;
				LD_RUNPATH_SEARCH_PATHS = "$(inherited) @executable_path/Frameworks @loader_path/Frameworks";
				PRODUCT_BUNDLE_IDENTIFIER = chuang.martin.rChatTests;
				PRODUCT_NAME = Puch;
				TEST_HOST = "$(BUILT_PRODUCTS_DIR)/Puch.app/Puch";
			};
			name = Release;
		};
		5BC7AA941CF4A5E80026F79D /* Debug */ = {
			isa = XCBuildConfiguration;
			baseConfigurationReference = C755B643AE29F5450BB387BE /* Pods-rChatUITests.debug.xcconfig */;
			buildSettings = {
				INFOPLIST_FILE = rChatUITests/Info.plist;
				LD_RUNPATH_SEARCH_PATHS = "$(inherited) @executable_path/Frameworks @loader_path/Frameworks";
				PRODUCT_BUNDLE_IDENTIFIER = chuang.martin.rChatUITests;
				PRODUCT_NAME = Puch;
				TEST_TARGET_NAME = rChat;
			};
			name = Debug;
		};
		5BC7AA951CF4A5E80026F79D /* Release */ = {
			isa = XCBuildConfiguration;
			baseConfigurationReference = 3B916910D8541E195D795BA7 /* Pods-rChatUITests.release.xcconfig */;
			buildSettings = {
				INFOPLIST_FILE = rChatUITests/Info.plist;
				LD_RUNPATH_SEARCH_PATHS = "$(inherited) @executable_path/Frameworks @loader_path/Frameworks";
				PRODUCT_BUNDLE_IDENTIFIER = chuang.martin.rChatUITests;
				PRODUCT_NAME = Puch;
				TEST_TARGET_NAME = rChat;
			};
			name = Release;
		};
/* End XCBuildConfiguration section */

/* Begin XCConfigurationList section */
		5BC7AA601CF4A5E80026F79D /* Build configuration list for PBXProject "Puch" */ = {
			isa = XCConfigurationList;
			buildConfigurations = (
				5BC7AA8B1CF4A5E80026F79D /* Debug */,
				5BC7AA8C1CF4A5E80026F79D /* Release */,
			);
			defaultConfigurationIsVisible = 0;
			defaultConfigurationName = Release;
		};
		5BC7AA8D1CF4A5E80026F79D /* Build configuration list for PBXNativeTarget "Puch" */ = {
			isa = XCConfigurationList;
			buildConfigurations = (
				5BC7AA8E1CF4A5E80026F79D /* Debug */,
				5BC7AA8F1CF4A5E80026F79D /* Release */,
			);
			defaultConfigurationIsVisible = 0;
			defaultConfigurationName = Release;
		};
		5BC7AA901CF4A5E80026F79D /* Build configuration list for PBXNativeTarget "PuchTests" */ = {
			isa = XCConfigurationList;
			buildConfigurations = (
				5BC7AA911CF4A5E80026F79D /* Debug */,
				5BC7AA921CF4A5E80026F79D /* Release */,
			);
			defaultConfigurationIsVisible = 0;
			defaultConfigurationName = Release;
		};
		5BC7AA931CF4A5E80026F79D /* Build configuration list for PBXNativeTarget "PuchUITests" */ = {
			isa = XCConfigurationList;
			buildConfigurations = (
				5BC7AA941CF4A5E80026F79D /* Debug */,
				5BC7AA951CF4A5E80026F79D /* Release */,
			);
			defaultConfigurationIsVisible = 0;
			defaultConfigurationName = Release;
		};
/* End XCConfigurationList section */
	};
	rootObject = 5BC7AA5D1CF4A5E80026F79D /* Project object */;
}
